
Microsoft Visual Studio Solution File, Format Version 12.00
# Visual Studio Version 16
VisualStudioVersion = 16.0.29519.181
MinimumVisualStudioVersion = 10.0.40219.1
Project("{9A19103F-16F7-4668-BE54-9A1E7A4F7556}") = "Frontline", "Frontline.csproj", "{32AEA8A1-1635-4C19-9CCF-61FB6151AA4C}"
EndProject
Project("{FAE04EC0-301F-11D3-BF4B-00C04F79EFBC}") = "Frontline.Test", "..\Frontline.Test\Frontline.Test.csproj", "{DD4FB2FE-27CD-4188-BA5D-34BCBAA6C4EF}"
EndProject
Global
	GlobalSection(SolutionConfigurationPlatforms) = preSolution
		Debug|Any CPU = Debug|Any CPU
		Release|Any CPU = Release|Any CPU
	EndGlobalSection
	GlobalSection(ProjectConfigurationPlatforms) = postSolution
		{32AEA8A1-1635-4C19-9CCF-61FB6151AA4C}.Debug|Any CPU.ActiveCfg = Debug|Any CPU
		{32AEA8A1-1635-4C19-9CCF-61FB6151AA4C}.Debug|Any CPU.Build.0 = Debug|Any CPU
		{32AEA8A1-1635-4C19-9CCF-61FB6151AA4C}.Release|Any CPU.ActiveCfg = Release|Any CPU
		{32AEA8A1-1635-4C19-9CCF-61FB6151AA4C}.Release|Any CPU.Build.0 = Release|Any CPU
		{DD4FB2FE-27CD-4188-BA5D-34BCBAA6C4EF}.Debug|Any CPU.ActiveCfg = Debug|Any CPU
		{DD4FB2FE-27CD-4188-BA5D-34BCBAA6C4EF}.Debug|Any CPU.Build.0 = Debug|Any CPU
		{DD4FB2FE-27CD-4188-BA5D-34BCBAA6C4EF}.Release|Any CPU.ActiveCfg = Release|Any CPU
		{DD4FB2FE-27CD-4188-BA5D-34BCBAA6C4EF}.Release|Any CPU.Build.0 = Release|Any CPU
	EndGlobalSection
	GlobalSection(SolutionProperties) = preSolution
		HideSolutionNode = FALSE
	EndGlobalSection
	GlobalSection(ExtensibilityGlobals) = postSolution
		SolutionGuid = {A8434713-F981-4D33-A346-12B20DD20E68}
	EndGlobalSection
EndGlobal
